
Microsoft Visual Studio Solution File, Format Version 12.00
Project("{FAE04EC0-301F-11D3-BF4B-00C04F79EFBC}") = "Cviceni2", "Cviceni2\Cviceni2.csproj", "{F460E850-9E8C-4236-9831-86BDB8B64B83}"
EndProject
Project("{FAE04EC0-301F-11D3-BF4B-00C04F79EFBC}") = "BaseLib", "BaseLib\BaseLib.csproj", "{E7540521-17A3-4804-9559-CFF3D2DB9E7E}"
EndProject
Global
	GlobalSection(SolutionConfigurationPlatforms) = preSolution
		Debug|Any CPU = Debug|Any CPU
		Release|Any CPU = Release|Any CPU
	EndGlobalSection
	GlobalSection(ProjectConfigurationPlatforms) = postSolution
		{F460E850-9E8C-4236-9831-86BDB8B64B83}.Debug|Any CPU.ActiveCfg = Debug|Any CPU
		{F460E850-9E8C-4236-9831-86BDB8B64B83}.Debug|Any CPU.Build.0 = Debug|Any CPU
		{F460E850-9E8C-4236-9831-86BDB8B64B83}.Release|Any CPU.ActiveCfg = Release|Any CPU
		{F460E850-9E8C-4236-9831-86BDB8B64B83}.Release|Any CPU.Build.0 = Release|Any CPU
		{E7540521-17A3-4804-9559-CFF3D2DB9E7E}.Debug|Any CPU.ActiveCfg = Debug|Any CPU
		{E7540521-17A3-4804-9559-CFF3D2DB9E7E}.Debug|Any CPU.Build.0 = Debug|Any CPU
		{E7540521-17A3-4804-9559-CFF3D2DB9E7E}.Release|Any CPU.ActiveCfg = Release|Any CPU
		{E7540521-17A3-4804-9559-CFF3D2DB9E7E}.Release|Any CPU.Build.0 = Release|Any CPU
	EndGlobalSection
EndGlobal
