
Microsoft Visual Studio Solution File, Format Version 12.00
Project("{FAE04EC0-301F-11D3-BF4B-00C04F79EFBC}") = "Cviceni1", "Cviceni1\Cviceni1.csproj", "{1CB9CFA6-0FC6-487F-AF8C-56B541597A6B}"
EndProject
Global
	GlobalSection(SolutionConfigurationPlatforms) = preSolution
		Debug|Any CPU = Debug|Any CPU
		Release|Any CPU = Release|Any CPU
	EndGlobalSection
	GlobalSection(ProjectConfigurationPlatforms) = postSolution
		{1CB9CFA6-0FC6-487F-AF8C-56B541597A6B}.Debug|Any CPU.ActiveCfg = Debug|Any CPU
		{1CB9CFA6-0FC6-487F-AF8C-56B541597A6B}.Debug|Any CPU.Build.0 = Debug|Any CPU
		{1CB9CFA6-0FC6-487F-AF8C-56B541597A6B}.Release|Any CPU.ActiveCfg = Release|Any CPU
		{1CB9CFA6-0FC6-487F-AF8C-56B541597A6B}.Release|Any CPU.Build.0 = Release|Any CPU
	EndGlobalSection
EndGlobal
